
Microsoft Visual Studio Solution File, Format Version 12.00
# Visual Studio Version 17
VisualStudioVersion = 17.9.34902.65
MinimumVisualStudioVersion = 10.0.40219.1
Project("{9A19103F-16F7-4668-BE54-9A1E7A4F7556}") = "ProjectManagementSystem", "ProjectManagementSystem.csproj", "{C26ACD19-F944-443E-8293-6386243C7E34}"
EndProject
Global
	GlobalSection(SolutionConfigurationPlatforms) = preSolution
		Debug|Any CPU = Debug|Any CPU
		Release|Any CPU = Release|Any CPU
	EndGlobalSection
	GlobalSection(ProjectConfigurationPlatforms) = postSolution
		{C26ACD19-F944-443E-8293-6386243C7E34}.Debug|Any CPU.ActiveCfg = Debug|Any CPU
		{C26ACD19-F944-443E-8293-6386243C7E34}.Debug|Any CPU.Build.0 = Debug|Any CPU
		{C26ACD19-F944-443E-8293-6386243C7E34}.Release|Any CPU.ActiveCfg = Release|Any CPU
		{C26ACD19-F944-443E-8293-6386243C7E34}.Release|Any CPU.Build.0 = Release|Any CPU
	EndGlobalSection
	GlobalSection(SolutionProperties) = preSolution
		HideSolutionNode = FALSE
	EndGlobalSection
	GlobalSection(ExtensibilityGlobals) = postSolution
		SolutionGuid = {628670B4-5DE9-4BBF-A041-80027DD188D3}
	EndGlobalSection
EndGlobal
